
Microsoft Visual Studio Solution File, Format Version 12.00
# Visual Studio Version 17
VisualStudioVersion = 17.6.33712.159
MinimumVisualStudioVersion = 10.0.40219.1
Project("{FAE04EC0-301F-11D3-BF4B-00C04F79EFBC}") = "RabbitMQ", "RabbitMQ\RabbitMQ.csproj", "{7A214D5A-B235-45A6-8159-B95A6905AA53}"
EndProject
Project("{FAE04EC0-301F-11D3-BF4B-00C04F79EFBC}") = "Rabbit.Models", "Rabbit.Models\Rabbit.Models.csproj", "{35001840-F8CD-4D54-9EF4-E853ED7158D9}"
EndProject
Project("{FAE04EC0-301F-11D3-BF4B-00C04F79EFBC}") = "Rabbit.Consumer", "Rabbit.Consumer\Rabbit.Consumer.csproj", "{B972BBBA-A3A1-4F96-9928-003219C79D88}"
EndProject
Project("{FAE04EC0-301F-11D3-BF4B-00C04F79EFBC}") = "Rabbit.Services", "Rabbit.Services\Rabbit.Services.csproj", "{CD7976D3-5D3C-4BA2-9497-067324B4672C}"
EndProject
Project("{FAE04EC0-301F-11D3-BF4B-00C04F79EFBC}") = "Rabbit.Repositories", "Rabbit.Repositories\Rabbit.Repositories.csproj", "{D3EBBB69-5EBE-45ED-8E8C-A444A2AC6789}"
EndProject
Global
	GlobalSection(SolutionConfigurationPlatforms) = preSolution
		Debug|Any CPU = Debug|Any CPU
		Release|Any CPU = Release|Any CPU
	EndGlobalSection
	GlobalSection(ProjectConfigurationPlatforms) = postSolution
		{7A214D5A-B235-45A6-8159-B95A6905AA53}.Debug|Any CPU.ActiveCfg = Debug|Any CPU
		{7A214D5A-B235-45A6-8159-B95A6905AA53}.Debug|Any CPU.Build.0 = Debug|Any CPU
		{7A214D5A-B235-45A6-8159-B95A6905AA53}.Release|Any CPU.ActiveCfg = Release|Any CPU
		{7A214D5A-B235-45A6-8159-B95A6905AA53}.Release|Any CPU.Build.0 = Release|Any CPU
		{35001840-F8CD-4D54-9EF4-E853ED7158D9}.Debug|Any CPU.ActiveCfg = Debug|Any CPU
		{35001840-F8CD-4D54-9EF4-E853ED7158D9}.Debug|Any CPU.Build.0 = Debug|Any CPU
		{35001840-F8CD-4D54-9EF4-E853ED7158D9}.Release|Any CPU.ActiveCfg = Release|Any CPU
		{35001840-F8CD-4D54-9EF4-E853ED7158D9}.Release|Any CPU.Build.0 = Release|Any CPU
		{B972BBBA-A3A1-4F96-9928-003219C79D88}.Debug|Any CPU.ActiveCfg = Debug|Any CPU
		{B972BBBA-A3A1-4F96-9928-003219C79D88}.Debug|Any CPU.Build.0 = Debug|Any CPU
		{B972BBBA-A3A1-4F96-9928-003219C79D88}.Release|Any CPU.ActiveCfg = Release|Any CPU
		{B972BBBA-A3A1-4F96-9928-003219C79D88}.Release|Any CPU.Build.0 = Release|Any CPU
		{CD7976D3-5D3C-4BA2-9497-067324B4672C}.Debug|Any CPU.ActiveCfg = Debug|Any CPU
		{CD7976D3-5D3C-4BA2-9497-067324B4672C}.Debug|Any CPU.Build.0 = Debug|Any CPU
		{CD7976D3-5D3C-4BA2-9497-067324B4672C}.Release|Any CPU.ActiveCfg = Release|Any CPU
		{CD7976D3-5D3C-4BA2-9497-067324B4672C}.Release|Any CPU.Build.0 = Release|Any CPU
		{D3EBBB69-5EBE-45ED-8E8C-A444A2AC6789}.Debug|Any CPU.ActiveCfg = Debug|Any CPU
		{D3EBBB69-5EBE-45ED-8E8C-A444A2AC6789}.Debug|Any CPU.Build.0 = Debug|Any CPU
		{D3EBBB69-5EBE-45ED-8E8C-A444A2AC6789}.Release|Any CPU.ActiveCfg = Release|Any CPU
		{D3EBBB69-5EBE-45ED-8E8C-A444A2AC6789}.Release|Any CPU.Build.0 = Release|Any CPU
	EndGlobalSection
	GlobalSection(SolutionProperties) = preSolution
		HideSolutionNode = FALSE
	EndGlobalSection
	GlobalSection(ExtensibilityGlobals) = postSolution
		SolutionGuid = {E4729EC1-7BC2-4548-8DCC-0D81E9EA56AE}
	EndGlobalSection
EndGlobal
